
Microsoft Visual Studio Solution File, Format Version 12.00
# Visual Studio Version 17
VisualStudioVersion = 17.4.33403.182
MinimumVisualStudioVersion = 10.0.40219.1
Project("{9A19103F-16F7-4668-BE54-9A1E7A4F7556}") = "CalculatorAPI", "CalculatorAPI.csproj", "{4100400E-763D-4736-BAEE-FB5E617B8816}"
EndProject
Project("{FAE04EC0-301F-11D3-BF4B-00C04F79EFBC}") = "Core", "..\core\Core.csproj", "{59F6CEA4-3D00-4968-91E2-35ED5BC18C1F}"
EndProject
Project("{FAE04EC0-301F-11D3-BF4B-00C04F79EFBC}") = "Service", "..\Service\Service.csproj", "{46F26213-6F3A-4DAF-A18C-B04CDC85ABA8}"
EndProject
Global
	GlobalSection(SolutionConfigurationPlatforms) = preSolution
		Debug|Any CPU = Debug|Any CPU
		Release|Any CPU = Release|Any CPU
	EndGlobalSection
	GlobalSection(ProjectConfigurationPlatforms) = postSolution
		{4100400E-763D-4736-BAEE-FB5E617B8816}.Debug|Any CPU.ActiveCfg = Debug|Any CPU
		{4100400E-763D-4736-BAEE-FB5E617B8816}.Debug|Any CPU.Build.0 = Debug|Any CPU
		{4100400E-763D-4736-BAEE-FB5E617B8816}.Release|Any CPU.ActiveCfg = Release|Any CPU
		{4100400E-763D-4736-BAEE-FB5E617B8816}.Release|Any CPU.Build.0 = Release|Any CPU
		{59F6CEA4-3D00-4968-91E2-35ED5BC18C1F}.Debug|Any CPU.ActiveCfg = Debug|Any CPU
		{59F6CEA4-3D00-4968-91E2-35ED5BC18C1F}.Debug|Any CPU.Build.0 = Debug|Any CPU
		{59F6CEA4-3D00-4968-91E2-35ED5BC18C1F}.Release|Any CPU.ActiveCfg = Release|Any CPU
		{59F6CEA4-3D00-4968-91E2-35ED5BC18C1F}.Release|Any CPU.Build.0 = Release|Any CPU
		{46F26213-6F3A-4DAF-A18C-B04CDC85ABA8}.Debug|Any CPU.ActiveCfg = Debug|Any CPU
		{46F26213-6F3A-4DAF-A18C-B04CDC85ABA8}.Debug|Any CPU.Build.0 = Debug|Any CPU
		{46F26213-6F3A-4DAF-A18C-B04CDC85ABA8}.Release|Any CPU.ActiveCfg = Release|Any CPU
		{46F26213-6F3A-4DAF-A18C-B04CDC85ABA8}.Release|Any CPU.Build.0 = Release|Any CPU
	EndGlobalSection
	GlobalSection(SolutionProperties) = preSolution
		HideSolutionNode = FALSE
	EndGlobalSection
	GlobalSection(ExtensibilityGlobals) = postSolution
		SolutionGuid = {CCD6B182-9D1B-4064-88B4-8FCFF20C881C}
	EndGlobalSection
EndGlobal
